
Microsoft Visual Studio Solution File, Format Version 12.00
Project("{FAE04EC0-301F-11D3-BF4B-00C04F79EFBC}") = "APIMonitor.server", "APIMonitor.server\APIMonitor.server.csproj", "{8C35ED2F-C938-4D38-BEA0-58DB803554BA}"
EndProject
Project("{FAE04EC0-301F-11D3-BF4B-00C04F79EFBC}") = "AuthApi", "AuthApi\AuthApi.csproj", "{987491F5-DC2C-421A-980A-7B934DE44832}"
EndProject
Project("{2150E333-8FDC-42A3-9474-1A3956D46DE8}") = "Solution Items", "Solution Items", "{9AD2F774-5080-4803-B33E-711F1185E1C8}"
	ProjectSection(SolutionItems) = preProject
		compose.yaml = compose.yaml
	EndProjectSection
EndProject
Global
	GlobalSection(SolutionConfigurationPlatforms) = preSolution
		Debug|Any CPU = Debug|Any CPU
		Release|Any CPU = Release|Any CPU
	EndGlobalSection
	GlobalSection(ProjectConfigurationPlatforms) = postSolution
		{8C35ED2F-C938-4D38-BEA0-58DB803554BA}.Debug|Any CPU.ActiveCfg = Debug|Any CPU
		{8C35ED2F-C938-4D38-BEA0-58DB803554BA}.Debug|Any CPU.Build.0 = Debug|Any CPU
		{8C35ED2F-C938-4D38-BEA0-58DB803554BA}.Release|Any CPU.ActiveCfg = Release|Any CPU
		{8C35ED2F-C938-4D38-BEA0-58DB803554BA}.Release|Any CPU.Build.0 = Release|Any CPU
		{987491F5-DC2C-421A-980A-7B934DE44832}.Debug|Any CPU.ActiveCfg = Debug|Any CPU
		{987491F5-DC2C-421A-980A-7B934DE44832}.Debug|Any CPU.Build.0 = Debug|Any CPU
		{987491F5-DC2C-421A-980A-7B934DE44832}.Release|Any CPU.ActiveCfg = Release|Any CPU
		{987491F5-DC2C-421A-980A-7B934DE44832}.Release|Any CPU.Build.0 = Release|Any CPU
	EndGlobalSection
EndGlobal
